
Microsoft Visual Studio Solution File, Format Version 12.00
# Visual Studio Version 16
VisualStudioVersion = 16.0.31112.23
MinimumVisualStudioVersion = 10.0.40219.1
Project("{FAE04EC0-301F-11D3-BF4B-00C04F79EFBC}") = "SeaBattle", "SeaBattle\SeaBattle.csproj", "{974653CA-731E-4B24-8BD7-17E97C881431}"
EndProject
Global
	GlobalSection(SolutionConfigurationPlatforms) = preSolution
		Debug|Any CPU = Debug|Any CPU
		Release|Any CPU = Release|Any CPU
	EndGlobalSection
	GlobalSection(ProjectConfigurationPlatforms) = postSolution
		{974653CA-731E-4B24-8BD7-17E97C881431}.Debug|Any CPU.ActiveCfg = Debug|Any CPU
		{974653CA-731E-4B24-8BD7-17E97C881431}.Debug|Any CPU.Build.0 = Debug|Any CPU
		{974653CA-731E-4B24-8BD7-17E97C881431}.Release|Any CPU.ActiveCfg = Release|Any CPU
		{974653CA-731E-4B24-8BD7-17E97C881431}.Release|Any CPU.Build.0 = Release|Any CPU
	EndGlobalSection
	GlobalSection(SolutionProperties) = preSolution
		HideSolutionNode = FALSE
	EndGlobalSection
	GlobalSection(ExtensibilityGlobals) = postSolution
		SolutionGuid = {66F6ED31-02B8-43B9-BF98-3B5E477E0F68}
	EndGlobalSection
EndGlobal
